
Microsoft Visual Studio Solution File, Format Version 12.00
# Visual Studio Version 17
VisualStudioVersion = 17.9.34723.18
MinimumVisualStudioVersion = 10.0.40219.1
Project("{FAE04EC0-301F-11D3-BF4B-00C04F79EFBC}") = "RazorFirst", "RazorFirst\RazorFirst.csproj", "{ED142D46-89ED-48F2-A644-EB8E51C12581}"
EndProject
Global
	GlobalSection(SolutionConfigurationPlatforms) = preSolution
		Debug|Any CPU = Debug|Any CPU
		Release|Any CPU = Release|Any CPU
	EndGlobalSection
	GlobalSection(ProjectConfigurationPlatforms) = postSolution
		{ED142D46-89ED-48F2-A644-EB8E51C12581}.Debug|Any CPU.ActiveCfg = Debug|Any CPU
		{ED142D46-89ED-48F2-A644-EB8E51C12581}.Debug|Any CPU.Build.0 = Debug|Any CPU
		{ED142D46-89ED-48F2-A644-EB8E51C12581}.Release|Any CPU.ActiveCfg = Release|Any CPU
		{ED142D46-89ED-48F2-A644-EB8E51C12581}.Release|Any CPU.Build.0 = Release|Any CPU
	EndGlobalSection
	GlobalSection(SolutionProperties) = preSolution
		HideSolutionNode = FALSE
	EndGlobalSection
	GlobalSection(ExtensibilityGlobals) = postSolution
		SolutionGuid = {CD0DA76D-86C2-481D-A56F-64831C555A84}
	EndGlobalSection
EndGlobal
