
Microsoft Visual Studio Solution File, Format Version 12.00
# Visual Studio Version 17
VisualStudioVersion = 17.9.34723.18
MinimumVisualStudioVersion = 10.0.40219.1
Project("{9A19103F-16F7-4668-BE54-9A1E7A4F7556}") = "RazorAreas", "RazorAreas\RazorAreas.csproj", "{0CA40955-091D-4850-89D2-775047016E4B}"
EndProject
Global
	GlobalSection(SolutionConfigurationPlatforms) = preSolution
		Debug|Any CPU = Debug|Any CPU
		Release|Any CPU = Release|Any CPU
	EndGlobalSection
	GlobalSection(ProjectConfigurationPlatforms) = postSolution
		{0CA40955-091D-4850-89D2-775047016E4B}.Debug|Any CPU.ActiveCfg = Debug|Any CPU
		{0CA40955-091D-4850-89D2-775047016E4B}.Debug|Any CPU.Build.0 = Debug|Any CPU
		{0CA40955-091D-4850-89D2-775047016E4B}.Release|Any CPU.ActiveCfg = Release|Any CPU
		{0CA40955-091D-4850-89D2-775047016E4B}.Release|Any CPU.Build.0 = Release|Any CPU
	EndGlobalSection
	GlobalSection(SolutionProperties) = preSolution
		HideSolutionNode = FALSE
	EndGlobalSection
	GlobalSection(ExtensibilityGlobals) = postSolution
		SolutionGuid = {9CC90E8E-A4FD-4EBC-9AD7-33D83807561D}
	EndGlobalSection
EndGlobal
